
Microsoft Visual Studio Solution File, Format Version 12.00
# Visual Studio 15
VisualStudioVersion = 15.0.28307.645
MinimumVisualStudioVersion = 10.0.40219.1
Project("{FAE04EC0-301F-11D3-BF4B-00C04F79EFBC}") = "MVCfood", "MVCfood\MVCfood.csproj", "{425A6F86-A019-43E3-9BF1-E714215DEFEF}"
EndProject
Global
	GlobalSection(SolutionConfigurationPlatforms) = preSolution
		Debug|Any CPU = Debug|Any CPU
		Release|Any CPU = Release|Any CPU
	EndGlobalSection
	GlobalSection(ProjectConfigurationPlatforms) = postSolution
		{425A6F86-A019-43E3-9BF1-E714215DEFEF}.Debug|Any CPU.ActiveCfg = Debug|Any CPU
		{425A6F86-A019-43E3-9BF1-E714215DEFEF}.Debug|Any CPU.Build.0 = Debug|Any CPU
		{425A6F86-A019-43E3-9BF1-E714215DEFEF}.Release|Any CPU.ActiveCfg = Release|Any CPU
		{425A6F86-A019-43E3-9BF1-E714215DEFEF}.Release|Any CPU.Build.0 = Release|Any CPU
	EndGlobalSection
	GlobalSection(SolutionProperties) = preSolution
		HideSolutionNode = FALSE
	EndGlobalSection
	GlobalSection(ExtensibilityGlobals) = postSolution
		SolutionGuid = {402222BC-E3CB-4347-AC0B-D6050B0EF697}
	EndGlobalSection
EndGlobal
